{
  "name": "artwithheartandgifts-public",
  "version": "1.0.0",
  "lockfileVersion": 3,
  "requires": true,
  "packages": {
    "": {
      "name": "artwithheartandgifts-public",
      "version": "1.0.0",
      "dependencies": {
        "nodemailer": "^6.10.1",
        "uuid": "^9.0.1"
      },
      "engines": {
        "node": "22.x"
      }
    },
    "node_modules/nodemailer": {
      "version": "6.10.1",
      "resolved": "https://registry.npmjs.org/nodemailer/-/nodemailer-6.10.1.tgz",
      "integrity": "sha512-Z+iLaBGVaSjbIzQ4pX6XV41HrooLsQ10ZWPUehGmuantvzWoDVBnmsdUcOIDM1t+yPor5pDhVlDESgOMEGxhHA==",
      "license": "MIT-0",
      "engines": {
        "node": ">=6.0.0"
      }
    },
    "node_modules/uuid": {
      "version": "9.0.1",
      "resolved": "https://registry.npmjs.org/uuid/-/uuid-9.0.1.tgz",
      "integrity": "sha512-b+1eJOlsR9K8HJpow9Ok3fiWOWSIcIzXodvv0rQjVoOVNpWMpxf1wZNpt4y9h10odCNrqnYp1OBzRktckBe3sA==",
      "funding": [
        "https://github.com/sponsors/broofa",
        "https://github.com/sponsors/ctavan"
      ],
      "license": "MIT",
      "bin": {
        "uuid": "dist/bin/uuid"
      }
    }
  }
}
